
Microsoft Visual Studio Solution File, Format Version 12.00
# Visual Studio Version 17
VisualStudioVersion = 17.3.32804.467
MinimumVisualStudioVersion = 10.0.40219.1
Project("{FAE04EC0-301F-11D3-BF4B-00C04F79EFBC}") = "APIs_Layer", "APIs_Layer\APIs_Layer.csproj", "{9E4842B8-6C4E-42E8-AAE0-E7B607B36386}"
EndProject
Project("{FAE04EC0-301F-11D3-BF4B-00C04F79EFBC}") = "InventoryManagement", "InventoryManagement\InventoryManagement.csproj", "{074A7644-87B9-4FB3-A3AD-6EFD9924B638}"
EndProject
Project("{FAE04EC0-301F-11D3-BF4B-00C04F79EFBC}") = "BLL(Business Logic Layer)", "BLL(Business Logic Layer)\BLL(Business Logic Layer).csproj", "{CAE7D2A5-95A7-4CF7-B9C5-0B69511C42DB}"
EndProject
Project("{FAE04EC0-301F-11D3-BF4B-00C04F79EFBC}") = "BOL(Business Objects Layer)", "BOL(Business Objects Layer)\BOL(Business Objects Layer).csproj", "{D6D1DDDC-B86D-4D7F-9C03-15446775BF12}"
EndProject
Project("{FAE04EC0-301F-11D3-BF4B-00C04F79EFBC}") = "DAL(Data Access Layer)", "DAL(Data Access Layer)\DAL(Data Access Layer).csproj", "{A6B54FA7-E396-45E0-92D2-CB5288CFA87C}"
EndProject
Global
	GlobalSection(SolutionConfigurationPlatforms) = preSolution
		Debug|Any CPU = Debug|Any CPU
		Release|Any CPU = Release|Any CPU
	EndGlobalSection
	GlobalSection(ProjectConfigurationPlatforms) = postSolution
		{9E4842B8-6C4E-42E8-AAE0-E7B607B36386}.Debug|Any CPU.ActiveCfg = Debug|Any CPU
		{9E4842B8-6C4E-42E8-AAE0-E7B607B36386}.Debug|Any CPU.Build.0 = Debug|Any CPU
		{9E4842B8-6C4E-42E8-AAE0-E7B607B36386}.Release|Any CPU.ActiveCfg = Release|Any CPU
		{9E4842B8-6C4E-42E8-AAE0-E7B607B36386}.Release|Any CPU.Build.0 = Release|Any CPU
		{074A7644-87B9-4FB3-A3AD-6EFD9924B638}.Debug|Any CPU.ActiveCfg = Debug|Any CPU
		{074A7644-87B9-4FB3-A3AD-6EFD9924B638}.Debug|Any CPU.Build.0 = Debug|Any CPU
		{074A7644-87B9-4FB3-A3AD-6EFD9924B638}.Release|Any CPU.ActiveCfg = Release|Any CPU
		{074A7644-87B9-4FB3-A3AD-6EFD9924B638}.Release|Any CPU.Build.0 = Release|Any CPU
		{CAE7D2A5-95A7-4CF7-B9C5-0B69511C42DB}.Debug|Any CPU.ActiveCfg = Debug|Any CPU
		{CAE7D2A5-95A7-4CF7-B9C5-0B69511C42DB}.Debug|Any CPU.Build.0 = Debug|Any CPU
		{CAE7D2A5-95A7-4CF7-B9C5-0B69511C42DB}.Release|Any CPU.ActiveCfg = Release|Any CPU
		{CAE7D2A5-95A7-4CF7-B9C5-0B69511C42DB}.Release|Any CPU.Build.0 = Release|Any CPU
		{D6D1DDDC-B86D-4D7F-9C03-15446775BF12}.Debug|Any CPU.ActiveCfg = Debug|Any CPU
		{D6D1DDDC-B86D-4D7F-9C03-15446775BF12}.Debug|Any CPU.Build.0 = Debug|Any CPU
		{D6D1DDDC-B86D-4D7F-9C03-15446775BF12}.Release|Any CPU.ActiveCfg = Release|Any CPU
		{D6D1DDDC-B86D-4D7F-9C03-15446775BF12}.Release|Any CPU.Build.0 = Release|Any CPU
		{A6B54FA7-E396-45E0-92D2-CB5288CFA87C}.Debug|Any CPU.ActiveCfg = Debug|Any CPU
		{A6B54FA7-E396-45E0-92D2-CB5288CFA87C}.Debug|Any CPU.Build.0 = Debug|Any CPU
		{A6B54FA7-E396-45E0-92D2-CB5288CFA87C}.Release|Any CPU.ActiveCfg = Release|Any CPU
		{A6B54FA7-E396-45E0-92D2-CB5288CFA87C}.Release|Any CPU.Build.0 = Release|Any CPU
	EndGlobalSection
	GlobalSection(SolutionProperties) = preSolution
		HideSolutionNode = FALSE
	EndGlobalSection
	GlobalSection(ExtensibilityGlobals) = postSolution
		SolutionGuid = {8776D4F9-9FF2-466B-BC1D-F64C35D646D5}
	EndGlobalSection
EndGlobal
